<Solution>
  <Configurations>
    <Platform Name="x64" />
    <Platform Name="x86" />
  </Configurations>
  <Project Path="CheckLicense/CheckLicense.vcxproj" Id="c6fa0083-b863-418c-95f3-cc756281dd89" />
  <Project Path="GenerateLicenseAtUSB/GenerateLicenseAtUSB.vcxproj" Id="6dc6f87e-6aea-4517-bbc2-a57d5972d002">
    <Platform Solution="Release|x64" Project="Win32" />
  </Project>
</Solution>
