
Microsoft Visual Studio Solution File, Format Version 12.00
# Visual Studio Version 18
VisualStudioVersion = 18.10.12210.168 stable
MinimumVisualStudioVersion = 10.0.40219.1
Project("{8BC9CEB8-8B4A-11D0-8D11-00A0C91BC942}") = "VcxprojToShellcodeCompiler", "VcxprojToShellcodeCompiler\VcxprojToShellcodeCompiler.vcxproj", "{9BD584EE-4BD0-493A-A3DC-BC6E5D5FD4B4}"
EndProject
Project("{8BC9CEB8-8B4A-11D0-8D11-00A0C91BC942}") = "ShellcodePrototype", "ShellcodePrototype\ShellcodePrototype.vcxproj", "{E6B7A8D0-299B-4448-B0CC-0425E847D5B9}"
EndProject
Project("{8BC9CEB8-8B4A-11D0-8D11-00A0C91BC942}") = "ShellcodeSample", "ShellcodeSample\ShellcodeSample.vcxproj", "{3E3E4210-ADD5-4C73-AA95-9DBAF3CC75A7}"
EndProject
Project("{8BC9CEB8-8B4A-11D0-8D11-00A0C91BC942}") = "HashOfFuncAndLibNameCalculator", "HashOfFuncAndLibNameCalculator\HashOfFuncAndLibNameCalculator.vcxproj", "{31CE12ED-7A50-40F0-A3F5-4AEBCC85BD29}"
EndProject
Global
	GlobalSection(SolutionConfigurationPlatforms) = preSolution
		Debug|ARM64 = Debug|ARM64
		Debug|x64 = Debug|x64
		Debug|x86 = Debug|x86
		Release|ARM64 = Release|ARM64
		Release|x64 = Release|x64
		Release|x86 = Release|x86
	EndGlobalSection
	GlobalSection(ProjectConfigurationPlatforms) = postSolution
		{9BD584EE-4BD0-493A-A3DC-BC6E5D5FD4B4}.Debug|ARM64.ActiveCfg = Debug|Win32
		{9BD584EE-4BD0-493A-A3DC-BC6E5D5FD4B4}.Debug|x64.ActiveCfg = Debug|Win32
		{9BD584EE-4BD0-493A-A3DC-BC6E5D5FD4B4}.Debug|x86.ActiveCfg = Debug|Win32
		{9BD584EE-4BD0-493A-A3DC-BC6E5D5FD4B4}.Debug|x86.Build.0 = Debug|Win32
		{9BD584EE-4BD0-493A-A3DC-BC6E5D5FD4B4}.Release|ARM64.ActiveCfg = Release|Win32
		{9BD584EE-4BD0-493A-A3DC-BC6E5D5FD4B4}.Release|x64.ActiveCfg = Release|Win32
		{9BD584EE-4BD0-493A-A3DC-BC6E5D5FD4B4}.Release|x86.ActiveCfg = Release|Win32
		{9BD584EE-4BD0-493A-A3DC-BC6E5D5FD4B4}.Release|x86.Build.0 = Release|Win32
		{E6B7A8D0-299B-4448-B0CC-0425E847D5B9}.Debug|ARM64.ActiveCfg = Release|ARM64
		{E6B7A8D0-299B-4448-B0CC-0425E847D5B9}.Debug|x64.ActiveCfg = Release|x64
		{E6B7A8D0-299B-4448-B0CC-0425E847D5B9}.Debug|x86.ActiveCfg = Release|Win32
		{E6B7A8D0-299B-4448-B0CC-0425E847D5B9}.Release|ARM64.ActiveCfg = Release|ARM64
		{E6B7A8D0-299B-4448-B0CC-0425E847D5B9}.Release|ARM64.Build.0 = Release|ARM64
		{E6B7A8D0-299B-4448-B0CC-0425E847D5B9}.Release|x64.ActiveCfg = Release|x64
		{E6B7A8D0-299B-4448-B0CC-0425E847D5B9}.Release|x64.Build.0 = Release|x64
		{E6B7A8D0-299B-4448-B0CC-0425E847D5B9}.Release|x86.ActiveCfg = Release|Win32
		{E6B7A8D0-299B-4448-B0CC-0425E847D5B9}.Release|x86.Build.0 = Release|Win32
		{3E3E4210-ADD5-4C73-AA95-9DBAF3CC75A7}.Debug|ARM64.ActiveCfg = Debug|ARM64
		{3E3E4210-ADD5-4C73-AA95-9DBAF3CC75A7}.Debug|ARM64.Build.0 = Debug|ARM64
		{3E3E4210-ADD5-4C73-AA95-9DBAF3CC75A7}.Debug|x64.ActiveCfg = Debug|x64
		{3E3E4210-ADD5-4C73-AA95-9DBAF3CC75A7}.Debug|x64.Build.0 = Debug|x64
		{3E3E4210-ADD5-4C73-AA95-9DBAF3CC75A7}.Debug|x86.ActiveCfg = Debug|Win32
		{3E3E4210-ADD5-4C73-AA95-9DBAF3CC75A7}.Debug|x86.Build.0 = Debug|Win32
		{3E3E4210-ADD5-4C73-AA95-9DBAF3CC75A7}.Release|ARM64.ActiveCfg = Release|ARM64
		{3E3E4210-ADD5-4C73-AA95-9DBAF3CC75A7}.Release|ARM64.Build.0 = Release|ARM64
		{3E3E4210-ADD5-4C73-AA95-9DBAF3CC75A7}.Release|x64.ActiveCfg = Release|x64
		{3E3E4210-ADD5-4C73-AA95-9DBAF3CC75A7}.Release|x64.Build.0 = Release|x64
		{3E3E4210-ADD5-4C73-AA95-9DBAF3CC75A7}.Release|x86.ActiveCfg = Release|Win32
		{3E3E4210-ADD5-4C73-AA95-9DBAF3CC75A7}.Release|x86.Build.0 = Release|Win32
		{31CE12ED-7A50-40F0-A3F5-4AEBCC85BD29}.Debug|ARM64.ActiveCfg = Debug|Win32
		{31CE12ED-7A50-40F0-A3F5-4AEBCC85BD29}.Debug|x64.ActiveCfg = Debug|Win32
		{31CE12ED-7A50-40F0-A3F5-4AEBCC85BD29}.Debug|x86.ActiveCfg = Debug|Win32
		{31CE12ED-7A50-40F0-A3F5-4AEBCC85BD29}.Debug|x86.Build.0 = Debug|Win32
		{31CE12ED-7A50-40F0-A3F5-4AEBCC85BD29}.Release|ARM64.ActiveCfg = Release|Win32
		{31CE12ED-7A50-40F0-A3F5-4AEBCC85BD29}.Release|x64.ActiveCfg = Release|Win32
		{31CE12ED-7A50-40F0-A3F5-4AEBCC85BD29}.Release|x86.ActiveCfg = Release|Win32
		{31CE12ED-7A50-40F0-A3F5-4AEBCC85BD29}.Release|x86.Build.0 = Release|Win32
	EndGlobalSection
	GlobalSection(SolutionProperties) = preSolution
		HideSolutionNode = FALSE
	EndGlobalSection
EndGlobal
